
Microsoft Visual Studio Solution File, Format Version 12.00
# Visual Studio Version 17
VisualStudioVersion = 17.11.35327.3
MinimumVisualStudioVersion = 10.0.40219.1
Project("{9A19103F-16F7-4668-BE54-9A1E7A4F7556}") = "ex01", "ex01\ex01.csproj", "{4BCE9E41-6C9C-457D-9E73-ACD4AEC87E0C}"
EndProject
Project("{9A19103F-16F7-4668-BE54-9A1E7A4F7556}") = "ex02", "..\..\..\..\..\repositorio\ex02\ex02.csproj", "{6B766F2E-CA7A-4918-BA76-0E0AC1ED9CFC}"
EndProject
Project("{9A19103F-16F7-4668-BE54-9A1E7A4F7556}") = "ex03", "ex03\ex03.csproj", "{84FB5032-37C7-46F7-808A-4510A285C010}"
EndProject
Project("{9A19103F-16F7-4668-BE54-9A1E7A4F7556}") = "ex04", "ex04\ex04.csproj", "{C0197CAF-77C6-464D-A293-5D5B45689940}"
EndProject
Project("{9A19103F-16F7-4668-BE54-9A1E7A4F7556}") = "ex05", "ex05\ex05.csproj", "{52807465-1B83-4D5E-994C-805F45FD15C5}"
EndProject
Project("{9A19103F-16F7-4668-BE54-9A1E7A4F7556}") = "ex06", "ex06\ex06.csproj", "{05453A0B-CAC1-420C-A328-1FD4D9D36C67}"
EndProject
Project("{9A19103F-16F7-4668-BE54-9A1E7A4F7556}") = "ex07", "ex07\ex07.csproj", "{CBDAC9A9-76F3-425C-9A16-2C5C26775934}"
EndProject
Project("{9A19103F-16F7-4668-BE54-9A1E7A4F7556}") = "ex08", "ex08\ex08.csproj", "{56C496EC-6AF6-4703-932C-6A24C3B518DE}"
EndProject
Project("{9A19103F-16F7-4668-BE54-9A1E7A4F7556}") = "ex09", "ex09\ex09.csproj", "{7392B092-EE0C-4D44-B045-15FAD9C1681E}"
EndProject
Project("{FAE04EC0-301F-11D3-BF4B-00C04F79EFBC}") = "ex10", "ex10\ex10.csproj", "{6E1B9F03-B379-45ED-B437-40AAAB39A949}"
EndProject
Project("{FAE04EC0-301F-11D3-BF4B-00C04F79EFBC}") = "ex11", "ex11\ex11.csproj", "{5D727C7B-28A4-4941-9712-F09CA1A3353C}"
EndProject
Project("{FAE04EC0-301F-11D3-BF4B-00C04F79EFBC}") = "ex12", "ex12\ex12.csproj", "{E87FDA17-F9A9-416D-B5AE-0C59DEA72DF5}"
EndProject
Project("{FAE04EC0-301F-11D3-BF4B-00C04F79EFBC}") = "ex13", "ex13\ex13.csproj", "{D4A42259-4545-4300-A6C8-5CBEA86480DC}"
EndProject
Project("{FAE04EC0-301F-11D3-BF4B-00C04F79EFBC}") = "ex 14", "ex 14\ex 14.csproj", "{35788042-E9A5-4D94-A6AE-544B2F54B1A4}"
EndProject
Project("{FAE04EC0-301F-11D3-BF4B-00C04F79EFBC}") = "ex15", "ex15\ex15.csproj", "{1B63AABA-47DF-4B94-979A-58603E6C43A8}"
EndProject
Project("{FAE04EC0-301F-11D3-BF4B-00C04F79EFBC}") = "ex16", "ex16\ex16.csproj", "{CE08A266-0672-402F-95FF-7C783AFEFBE6}"
EndProject
Project("{FAE04EC0-301F-11D3-BF4B-00C04F79EFBC}") = "ex17", "ex17\ex17.csproj", "{11339545-E896-41A3-8578-3473556A2BDE}"
EndProject
Project("{FAE04EC0-301F-11D3-BF4B-00C04F79EFBC}") = "ex18", "ex18\ex18.csproj", "{86B986EF-A834-4FCB-BB3D-F3739C3EDB91}"
EndProject
Project("{FAE04EC0-301F-11D3-BF4B-00C04F79EFBC}") = "ex19", "ex19\ex19.csproj", "{A0E8C489-397E-4B13-922F-59CBD117380C}"
EndProject
Project("{FAE04EC0-301F-11D3-BF4B-00C04F79EFBC}") = "ex20", "ex20\ex20.csproj", "{7A42D545-D139-4846-8579-6A2629784AFE}"
EndProject
Project("{FAE04EC0-301F-11D3-BF4B-00C04F79EFBC}") = "ex21", "ex21\ex21.csproj", "{635A5C34-CC48-4991-B86F-C32C0E8459D5}"
EndProject
Project("{FAE04EC0-301F-11D3-BF4B-00C04F79EFBC}") = "ex22", "ex22\ex22.csproj", "{0A3AD49D-7779-4ED7-83F3-D619CCB11B8E}"
EndProject
Project("{FAE04EC0-301F-11D3-BF4B-00C04F79EFBC}") = "ex23", "ex23\ex23.csproj", "{BEA22B16-FF10-4836-B816-43FDA48023EF}"
EndProject
Project("{FAE04EC0-301F-11D3-BF4B-00C04F79EFBC}") = "ex24", "ex24\ex24.csproj", "{169BD163-1E74-4C66-B3FE-17269CA9028F}"
EndProject
Project("{FAE04EC0-301F-11D3-BF4B-00C04F79EFBC}") = "ex25", "ex25\ex25.csproj", "{4EDF1394-8618-43B0-9060-B281E2C590F6}"
EndProject
Project("{FAE04EC0-301F-11D3-BF4B-00C04F79EFBC}") = "ex26", "ex26\ex26.csproj", "{EE6252EB-29C4-499E-BDE5-34DDCBDCCE7D}"
EndProject
Project("{FAE04EC0-301F-11D3-BF4B-00C04F79EFBC}") = "ex27", "ex27\ex27.csproj", "{E4080559-A91C-4CF6-AEAC-221FFEC40FC9}"
EndProject
Project("{FAE04EC0-301F-11D3-BF4B-00C04F79EFBC}") = "ex28", "ex28\ex28.csproj", "{D5BB44A8-1069-4B41-A016-B7F48A53713A}"
EndProject
Project("{FAE04EC0-301F-11D3-BF4B-00C04F79EFBC}") = "ex29", "ex29\ex29.csproj", "{F46BD310-D8F8-40EA-9DB9-EE2D7639C49D}"
EndProject
Global
	GlobalSection(SolutionConfigurationPlatforms) = preSolution
		Debug|Any CPU = Debug|Any CPU
		Release|Any CPU = Release|Any CPU
	EndGlobalSection
	GlobalSection(ProjectConfigurationPlatforms) = postSolution
		{4BCE9E41-6C9C-457D-9E73-ACD4AEC87E0C}.Debug|Any CPU.ActiveCfg = Debug|Any CPU
		{4BCE9E41-6C9C-457D-9E73-ACD4AEC87E0C}.Debug|Any CPU.Build.0 = Debug|Any CPU
		{4BCE9E41-6C9C-457D-9E73-ACD4AEC87E0C}.Release|Any CPU.ActiveCfg = Release|Any CPU
		{4BCE9E41-6C9C-457D-9E73-ACD4AEC87E0C}.Release|Any CPU.Build.0 = Release|Any CPU
		{6B766F2E-CA7A-4918-BA76-0E0AC1ED9CFC}.Debug|Any CPU.ActiveCfg = Debug|Any CPU
		{6B766F2E-CA7A-4918-BA76-0E0AC1ED9CFC}.Debug|Any CPU.Build.0 = Debug|Any CPU
		{6B766F2E-CA7A-4918-BA76-0E0AC1ED9CFC}.Release|Any CPU.ActiveCfg = Release|Any CPU
		{6B766F2E-CA7A-4918-BA76-0E0AC1ED9CFC}.Release|Any CPU.Build.0 = Release|Any CPU
		{84FB5032-37C7-46F7-808A-4510A285C010}.Debug|Any CPU.ActiveCfg = Debug|Any CPU
		{84FB5032-37C7-46F7-808A-4510A285C010}.Debug|Any CPU.Build.0 = Debug|Any CPU
		{84FB5032-37C7-46F7-808A-4510A285C010}.Release|Any CPU.ActiveCfg = Release|Any CPU
		{84FB5032-37C7-46F7-808A-4510A285C010}.Release|Any CPU.Build.0 = Release|Any CPU
		{C0197CAF-77C6-464D-A293-5D5B45689940}.Debug|Any CPU.ActiveCfg = Debug|Any CPU
		{C0197CAF-77C6-464D-A293-5D5B45689940}.Debug|Any CPU.Build.0 = Debug|Any CPU
		{C0197CAF-77C6-464D-A293-5D5B45689940}.Release|Any CPU.ActiveCfg = Release|Any CPU
		{C0197CAF-77C6-464D-A293-5D5B45689940}.Release|Any CPU.Build.0 = Release|Any CPU
		{52807465-1B83-4D5E-994C-805F45FD15C5}.Debug|Any CPU.ActiveCfg = Debug|Any CPU
		{52807465-1B83-4D5E-994C-805F45FD15C5}.Debug|Any CPU.Build.0 = Debug|Any CPU
		{52807465-1B83-4D5E-994C-805F45FD15C5}.Release|Any CPU.ActiveCfg = Release|Any CPU
		{52807465-1B83-4D5E-994C-805F45FD15C5}.Release|Any CPU.Build.0 = Release|Any CPU
		{05453A0B-CAC1-420C-A328-1FD4D9D36C67}.Debug|Any CPU.ActiveCfg = Debug|Any CPU
		{05453A0B-CAC1-420C-A328-1FD4D9D36C67}.Debug|Any CPU.Build.0 = Debug|Any CPU
		{05453A0B-CAC1-420C-A328-1FD4D9D36C67}.Release|Any CPU.ActiveCfg = Release|Any CPU
		{05453A0B-CAC1-420C-A328-1FD4D9D36C67}.Release|Any CPU.Build.0 = Release|Any CPU
		{CBDAC9A9-76F3-425C-9A16-2C5C26775934}.Debug|Any CPU.ActiveCfg = Debug|Any CPU
		{CBDAC9A9-76F3-425C-9A16-2C5C26775934}.Debug|Any CPU.Build.0 = Debug|Any CPU
		{CBDAC9A9-76F3-425C-9A16-2C5C26775934}.Release|Any CPU.ActiveCfg = Release|Any CPU
		{CBDAC9A9-76F3-425C-9A16-2C5C26775934}.Release|Any CPU.Build.0 = Release|Any CPU
		{56C496EC-6AF6-4703-932C-6A24C3B518DE}.Debug|Any CPU.ActiveCfg = Debug|Any CPU
		{56C496EC-6AF6-4703-932C-6A24C3B518DE}.Debug|Any CPU.Build.0 = Debug|Any CPU
		{56C496EC-6AF6-4703-932C-6A24C3B518DE}.Release|Any CPU.ActiveCfg = Release|Any CPU
		{56C496EC-6AF6-4703-932C-6A24C3B518DE}.Release|Any CPU.Build.0 = Release|Any CPU
		{7392B092-EE0C-4D44-B045-15FAD9C1681E}.Debug|Any CPU.ActiveCfg = Debug|Any CPU
		{7392B092-EE0C-4D44-B045-15FAD9C1681E}.Debug|Any CPU.Build.0 = Debug|Any CPU
		{7392B092-EE0C-4D44-B045-15FAD9C1681E}.Release|Any CPU.ActiveCfg = Release|Any CPU
		{7392B092-EE0C-4D44-B045-15FAD9C1681E}.Release|Any CPU.Build.0 = Release|Any CPU
		{6E1B9F03-B379-45ED-B437-40AAAB39A949}.Debug|Any CPU.ActiveCfg = Debug|Any CPU
		{6E1B9F03-B379-45ED-B437-40AAAB39A949}.Debug|Any CPU.Build.0 = Debug|Any CPU
		{6E1B9F03-B379-45ED-B437-40AAAB39A949}.Release|Any CPU.ActiveCfg = Release|Any CPU
		{6E1B9F03-B379-45ED-B437-40AAAB39A949}.Release|Any CPU.Build.0 = Release|Any CPU
		{5D727C7B-28A4-4941-9712-F09CA1A3353C}.Debug|Any CPU.ActiveCfg = Debug|Any CPU
		{5D727C7B-28A4-4941-9712-F09CA1A3353C}.Debug|Any CPU.Build.0 = Debug|Any CPU
		{5D727C7B-28A4-4941-9712-F09CA1A3353C}.Release|Any CPU.ActiveCfg = Release|Any CPU
		{5D727C7B-28A4-4941-9712-F09CA1A3353C}.Release|Any CPU.Build.0 = Release|Any CPU
		{E87FDA17-F9A9-416D-B5AE-0C59DEA72DF5}.Debug|Any CPU.ActiveCfg = Debug|Any CPU
		{E87FDA17-F9A9-416D-B5AE-0C59DEA72DF5}.Debug|Any CPU.Build.0 = Debug|Any CPU
		{E87FDA17-F9A9-416D-B5AE-0C59DEA72DF5}.Release|Any CPU.ActiveCfg = Release|Any CPU
		{E87FDA17-F9A9-416D-B5AE-0C59DEA72DF5}.Release|Any CPU.Build.0 = Release|Any CPU
		{D4A42259-4545-4300-A6C8-5CBEA86480DC}.Debug|Any CPU.ActiveCfg = Debug|Any CPU
		{D4A42259-4545-4300-A6C8-5CBEA86480DC}.Debug|Any CPU.Build.0 = Debug|Any CPU
		{D4A42259-4545-4300-A6C8-5CBEA86480DC}.Release|Any CPU.ActiveCfg = Release|Any CPU
		{D4A42259-4545-4300-A6C8-5CBEA86480DC}.Release|Any CPU.Build.0 = Release|Any CPU
		{35788042-E9A5-4D94-A6AE-544B2F54B1A4}.Debug|Any CPU.ActiveCfg = Debug|Any CPU
		{35788042-E9A5-4D94-A6AE-544B2F54B1A4}.Debug|Any CPU.Build.0 = Debug|Any CPU
		{35788042-E9A5-4D94-A6AE-544B2F54B1A4}.Release|Any CPU.ActiveCfg = Release|Any CPU
		{35788042-E9A5-4D94-A6AE-544B2F54B1A4}.Release|Any CPU.Build.0 = Release|Any CPU
		{1B63AABA-47DF-4B94-979A-58603E6C43A8}.Debug|Any CPU.ActiveCfg = Debug|Any CPU
		{1B63AABA-47DF-4B94-979A-58603E6C43A8}.Debug|Any CPU.Build.0 = Debug|Any CPU
		{1B63AABA-47DF-4B94-979A-58603E6C43A8}.Release|Any CPU.ActiveCfg = Release|Any CPU
		{1B63AABA-47DF-4B94-979A-58603E6C43A8}.Release|Any CPU.Build.0 = Release|Any CPU
		{CE08A266-0672-402F-95FF-7C783AFEFBE6}.Debug|Any CPU.ActiveCfg = Debug|Any CPU
		{CE08A266-0672-402F-95FF-7C783AFEFBE6}.Debug|Any CPU.Build.0 = Debug|Any CPU
		{CE08A266-0672-402F-95FF-7C783AFEFBE6}.Release|Any CPU.ActiveCfg = Release|Any CPU
		{CE08A266-0672-402F-95FF-7C783AFEFBE6}.Release|Any CPU.Build.0 = Release|Any CPU
		{11339545-E896-41A3-8578-3473556A2BDE}.Debug|Any CPU.ActiveCfg = Debug|Any CPU
		{11339545-E896-41A3-8578-3473556A2BDE}.Debug|Any CPU.Build.0 = Debug|Any CPU
		{11339545-E896-41A3-8578-3473556A2BDE}.Release|Any CPU.ActiveCfg = Release|Any CPU
		{11339545-E896-41A3-8578-3473556A2BDE}.Release|Any CPU.Build.0 = Release|Any CPU
		{86B986EF-A834-4FCB-BB3D-F3739C3EDB91}.Debug|Any CPU.ActiveCfg = Debug|Any CPU
		{86B986EF-A834-4FCB-BB3D-F3739C3EDB91}.Debug|Any CPU.Build.0 = Debug|Any CPU
		{86B986EF-A834-4FCB-BB3D-F3739C3EDB91}.Release|Any CPU.ActiveCfg = Release|Any CPU
		{86B986EF-A834-4FCB-BB3D-F3739C3EDB91}.Release|Any CPU.Build.0 = Release|Any CPU
		{A0E8C489-397E-4B13-922F-59CBD117380C}.Debug|Any CPU.ActiveCfg = Debug|Any CPU
		{A0E8C489-397E-4B13-922F-59CBD117380C}.Debug|Any CPU.Build.0 = Debug|Any CPU
		{A0E8C489-397E-4B13-922F-59CBD117380C}.Release|Any CPU.ActiveCfg = Release|Any CPU
		{A0E8C489-397E-4B13-922F-59CBD117380C}.Release|Any CPU.Build.0 = Release|Any CPU
		{7A42D545-D139-4846-8579-6A2629784AFE}.Debug|Any CPU.ActiveCfg = Debug|Any CPU
		{7A42D545-D139-4846-8579-6A2629784AFE}.Debug|Any CPU.Build.0 = Debug|Any CPU
		{7A42D545-D139-4846-8579-6A2629784AFE}.Release|Any CPU.ActiveCfg = Release|Any CPU
		{7A42D545-D139-4846-8579-6A2629784AFE}.Release|Any CPU.Build.0 = Release|Any CPU
		{635A5C34-CC48-4991-B86F-C32C0E8459D5}.Debug|Any CPU.ActiveCfg = Debug|Any CPU
		{635A5C34-CC48-4991-B86F-C32C0E8459D5}.Debug|Any CPU.Build.0 = Debug|Any CPU
		{635A5C34-CC48-4991-B86F-C32C0E8459D5}.Release|Any CPU.ActiveCfg = Release|Any CPU
		{635A5C34-CC48-4991-B86F-C32C0E8459D5}.Release|Any CPU.Build.0 = Release|Any CPU
		{0A3AD49D-7779-4ED7-83F3-D619CCB11B8E}.Debug|Any CPU.ActiveCfg = Debug|Any CPU
		{0A3AD49D-7779-4ED7-83F3-D619CCB11B8E}.Debug|Any CPU.Build.0 = Debug|Any CPU
		{0A3AD49D-7779-4ED7-83F3-D619CCB11B8E}.Release|Any CPU.ActiveCfg = Release|Any CPU
		{0A3AD49D-7779-4ED7-83F3-D619CCB11B8E}.Release|Any CPU.Build.0 = Release|Any CPU
		{BEA22B16-FF10-4836-B816-43FDA48023EF}.Debug|Any CPU.ActiveCfg = Debug|Any CPU
		{BEA22B16-FF10-4836-B816-43FDA48023EF}.Debug|Any CPU.Build.0 = Debug|Any CPU
		{BEA22B16-FF10-4836-B816-43FDA48023EF}.Release|Any CPU.ActiveCfg = Release|Any CPU
		{BEA22B16-FF10-4836-B816-43FDA48023EF}.Release|Any CPU.Build.0 = Release|Any CPU
		{169BD163-1E74-4C66-B3FE-17269CA9028F}.Debug|Any CPU.ActiveCfg = Debug|Any CPU
		{169BD163-1E74-4C66-B3FE-17269CA9028F}.Debug|Any CPU.Build.0 = Debug|Any CPU
		{169BD163-1E74-4C66-B3FE-17269CA9028F}.Release|Any CPU.ActiveCfg = Release|Any CPU
		{169BD163-1E74-4C66-B3FE-17269CA9028F}.Release|Any CPU.Build.0 = Release|Any CPU
		{4EDF1394-8618-43B0-9060-B281E2C590F6}.Debug|Any CPU.ActiveCfg = Debug|Any CPU
		{4EDF1394-8618-43B0-9060-B281E2C590F6}.Debug|Any CPU.Build.0 = Debug|Any CPU
		{4EDF1394-8618-43B0-9060-B281E2C590F6}.Release|Any CPU.ActiveCfg = Release|Any CPU
		{4EDF1394-8618-43B0-9060-B281E2C590F6}.Release|Any CPU.Build.0 = Release|Any CPU
		{EE6252EB-29C4-499E-BDE5-34DDCBDCCE7D}.Debug|Any CPU.ActiveCfg = Debug|Any CPU
		{EE6252EB-29C4-499E-BDE5-34DDCBDCCE7D}.Debug|Any CPU.Build.0 = Debug|Any CPU
		{EE6252EB-29C4-499E-BDE5-34DDCBDCCE7D}.Release|Any CPU.ActiveCfg = Release|Any CPU
		{EE6252EB-29C4-499E-BDE5-34DDCBDCCE7D}.Release|Any CPU.Build.0 = Release|Any CPU
		{E4080559-A91C-4CF6-AEAC-221FFEC40FC9}.Debug|Any CPU.ActiveCfg = Debug|Any CPU
		{E4080559-A91C-4CF6-AEAC-221FFEC40FC9}.Debug|Any CPU.Build.0 = Debug|Any CPU
		{E4080559-A91C-4CF6-AEAC-221FFEC40FC9}.Release|Any CPU.ActiveCfg = Release|Any CPU
		{E4080559-A91C-4CF6-AEAC-221FFEC40FC9}.Release|Any CPU.Build.0 = Release|Any CPU
		{D5BB44A8-1069-4B41-A016-B7F48A53713A}.Debug|Any CPU.ActiveCfg = Debug|Any CPU
		{D5BB44A8-1069-4B41-A016-B7F48A53713A}.Debug|Any CPU.Build.0 = Debug|Any CPU
		{D5BB44A8-1069-4B41-A016-B7F48A53713A}.Release|Any CPU.ActiveCfg = Release|Any CPU
		{D5BB44A8-1069-4B41-A016-B7F48A53713A}.Release|Any CPU.Build.0 = Release|Any CPU
		{F46BD310-D8F8-40EA-9DB9-EE2D7639C49D}.Debug|Any CPU.ActiveCfg = Debug|Any CPU
		{F46BD310-D8F8-40EA-9DB9-EE2D7639C49D}.Debug|Any CPU.Build.0 = Debug|Any CPU
		{F46BD310-D8F8-40EA-9DB9-EE2D7639C49D}.Release|Any CPU.ActiveCfg = Release|Any CPU
		{F46BD310-D8F8-40EA-9DB9-EE2D7639C49D}.Release|Any CPU.Build.0 = Release|Any CPU
	EndGlobalSection
	GlobalSection(SolutionProperties) = preSolution
		HideSolutionNode = FALSE
	EndGlobalSection
	GlobalSection(ExtensibilityGlobals) = postSolution
		SolutionGuid = {408148D2-1FC1-427E-834F-890E20092268}
	EndGlobalSection
EndGlobal
