
Microsoft Visual Studio Solution File, Format Version 12.00
# Visual Studio Version 17
VisualStudioVersion = 17.11.35327.3
MinimumVisualStudioVersion = 10.0.40219.1
Project("{9A19103F-16F7-4668-BE54-9A1E7A4F7556}") = "ex01", "ex01\ex01.csproj", "{4BCE9E41-6C9C-457D-9E73-ACD4AEC87E0C}"
EndProject
Project("{9A19103F-16F7-4668-BE54-9A1E7A4F7556}") = "ex02", "..\..\..\..\..\repositorio\ex02\ex02.csproj", "{6B766F2E-CA7A-4918-BA76-0E0AC1ED9CFC}"
EndProject
Project("{9A19103F-16F7-4668-BE54-9A1E7A4F7556}") = "ex03", "ex03\ex03.csproj", "{84FB5032-37C7-46F7-808A-4510A285C010}"
EndProject
Project("{9A19103F-16F7-4668-BE54-9A1E7A4F7556}") = "ex04", "ex04\ex04.csproj", "{C0197CAF-77C6-464D-A293-5D5B45689940}"
EndProject
Project("{9A19103F-16F7-4668-BE54-9A1E7A4F7556}") = "ex05", "ex05\ex05.csproj", "{52807465-1B83-4D5E-994C-805F45FD15C5}"
EndProject
Project("{9A19103F-16F7-4668-BE54-9A1E7A4F7556}") = "ex06", "ex06\ex06.csproj", "{05453A0B-CAC1-420C-A328-1FD4D9D36C67}"
EndProject
Project("{9A19103F-16F7-4668-BE54-9A1E7A4F7556}") = "ex07", "ex07\ex07.csproj", "{CBDAC9A9-76F3-425C-9A16-2C5C26775934}"
EndProject
Project("{9A19103F-16F7-4668-BE54-9A1E7A4F7556}") = "ex08", "ex08\ex08.csproj", "{56C496EC-6AF6-4703-932C-6A24C3B518DE}"
EndProject
Project("{FAE04EC0-301F-11D3-BF4B-00C04F79EFBC}") = "ex09", "ex09\ex09.csproj", "{7392B092-EE0C-4D44-B045-15FAD9C1681E}"
EndProject
Global
	GlobalSection(SolutionConfigurationPlatforms) = preSolution
		Debug|Any CPU = Debug|Any CPU
		Release|Any CPU = Release|Any CPU
	EndGlobalSection
	GlobalSection(ProjectConfigurationPlatforms) = postSolution
		{4BCE9E41-6C9C-457D-9E73-ACD4AEC87E0C}.Debug|Any CPU.ActiveCfg = Debug|Any CPU
		{4BCE9E41-6C9C-457D-9E73-ACD4AEC87E0C}.Debug|Any CPU.Build.0 = Debug|Any CPU
		{4BCE9E41-6C9C-457D-9E73-ACD4AEC87E0C}.Release|Any CPU.ActiveCfg = Release|Any CPU
		{4BCE9E41-6C9C-457D-9E73-ACD4AEC87E0C}.Release|Any CPU.Build.0 = Release|Any CPU
		{6B766F2E-CA7A-4918-BA76-0E0AC1ED9CFC}.Debug|Any CPU.ActiveCfg = Debug|Any CPU
		{6B766F2E-CA7A-4918-BA76-0E0AC1ED9CFC}.Debug|Any CPU.Build.0 = Debug|Any CPU
		{6B766F2E-CA7A-4918-BA76-0E0AC1ED9CFC}.Release|Any CPU.ActiveCfg = Release|Any CPU
		{6B766F2E-CA7A-4918-BA76-0E0AC1ED9CFC}.Release|Any CPU.Build.0 = Release|Any CPU
		{84FB5032-37C7-46F7-808A-4510A285C010}.Debug|Any CPU.ActiveCfg = Debug|Any CPU
		{84FB5032-37C7-46F7-808A-4510A285C010}.Debug|Any CPU.Build.0 = Debug|Any CPU
		{84FB5032-37C7-46F7-808A-4510A285C010}.Release|Any CPU.ActiveCfg = Release|Any CPU
		{84FB5032-37C7-46F7-808A-4510A285C010}.Release|Any CPU.Build.0 = Release|Any CPU
		{C0197CAF-77C6-464D-A293-5D5B45689940}.Debug|Any CPU.ActiveCfg = Debug|Any CPU
		{C0197CAF-77C6-464D-A293-5D5B45689940}.Debug|Any CPU.Build.0 = Debug|Any CPU
		{C0197CAF-77C6-464D-A293-5D5B45689940}.Release|Any CPU.ActiveCfg = Release|Any CPU
		{C0197CAF-77C6-464D-A293-5D5B45689940}.Release|Any CPU.Build.0 = Release|Any CPU
		{52807465-1B83-4D5E-994C-805F45FD15C5}.Debug|Any CPU.ActiveCfg = Debug|Any CPU
		{52807465-1B83-4D5E-994C-805F45FD15C5}.Debug|Any CPU.Build.0 = Debug|Any CPU
		{52807465-1B83-4D5E-994C-805F45FD15C5}.Release|Any CPU.ActiveCfg = Release|Any CPU
		{52807465-1B83-4D5E-994C-805F45FD15C5}.Release|Any CPU.Build.0 = Release|Any CPU
		{05453A0B-CAC1-420C-A328-1FD4D9D36C67}.Debug|Any CPU.ActiveCfg = Debug|Any CPU
		{05453A0B-CAC1-420C-A328-1FD4D9D36C67}.Debug|Any CPU.Build.0 = Debug|Any CPU
		{05453A0B-CAC1-420C-A328-1FD4D9D36C67}.Release|Any CPU.ActiveCfg = Release|Any CPU
		{05453A0B-CAC1-420C-A328-1FD4D9D36C67}.Release|Any CPU.Build.0 = Release|Any CPU
		{CBDAC9A9-76F3-425C-9A16-2C5C26775934}.Debug|Any CPU.ActiveCfg = Debug|Any CPU
		{CBDAC9A9-76F3-425C-9A16-2C5C26775934}.Debug|Any CPU.Build.0 = Debug|Any CPU
		{CBDAC9A9-76F3-425C-9A16-2C5C26775934}.Release|Any CPU.ActiveCfg = Release|Any CPU
		{CBDAC9A9-76F3-425C-9A16-2C5C26775934}.Release|Any CPU.Build.0 = Release|Any CPU
		{56C496EC-6AF6-4703-932C-6A24C3B518DE}.Debug|Any CPU.ActiveCfg = Debug|Any CPU
		{56C496EC-6AF6-4703-932C-6A24C3B518DE}.Debug|Any CPU.Build.0 = Debug|Any CPU
		{56C496EC-6AF6-4703-932C-6A24C3B518DE}.Release|Any CPU.ActiveCfg = Release|Any CPU
		{56C496EC-6AF6-4703-932C-6A24C3B518DE}.Release|Any CPU.Build.0 = Release|Any CPU
		{7392B092-EE0C-4D44-B045-15FAD9C1681E}.Debug|Any CPU.ActiveCfg = Debug|Any CPU
		{7392B092-EE0C-4D44-B045-15FAD9C1681E}.Debug|Any CPU.Build.0 = Debug|Any CPU
		{7392B092-EE0C-4D44-B045-15FAD9C1681E}.Release|Any CPU.ActiveCfg = Release|Any CPU
		{7392B092-EE0C-4D44-B045-15FAD9C1681E}.Release|Any CPU.Build.0 = Release|Any CPU
	EndGlobalSection
	GlobalSection(SolutionProperties) = preSolution
		HideSolutionNode = FALSE
	EndGlobalSection
	GlobalSection(ExtensibilityGlobals) = postSolution
		SolutionGuid = {408148D2-1FC1-427E-834F-890E20092268}
	EndGlobalSection
EndGlobal
